
Microsoft Visual Studio Solution File, Format Version 12.00
# Visual Studio Version 17
VisualStudioVersion = 17.5.002.0
MinimumVisualStudioVersion = 10.0.40219.1
Project("{2150E333-8FDC-42A3-9474-1A3956D46DE8}") = "csharp-prep", "csharp-prep", "{2779B530-8BBB-4A75-ABC2-F58113F9965C}"
EndProject
Project("{9A19103F-16F7-4668-BE54-9A1E7A4F7556}") = "Prep1", "csharp-prep\Prep1\Prep1.csproj", "{7DCD67B6-71F8-4E7B-9D82-4AABEC8B0000}"
EndProject
Project("{9A19103F-16F7-4668-BE54-9A1E7A4F7556}") = "Prep2", "csharp-prep\Prep2\Prep2.csproj", "{716B6AB3-1E28-42AE-B73C-21DB969688BC}"
EndProject
Project("{9A19103F-16F7-4668-BE54-9A1E7A4F7556}") = "Prep3", "csharp-prep\Prep3\Prep3.csproj", "{90EA5535-087A-41F0-A586-F0DEF67C6138}"
EndProject
Project("{9A19103F-16F7-4668-BE54-9A1E7A4F7556}") = "Prep4", "csharp-prep\Prep4\Prep4.csproj", "{91D7A745-052D-434D-9AEB-13940F870655}"
EndProject
Project("{9A19103F-16F7-4668-BE54-9A1E7A4F7556}") = "Prep5", "csharp-prep\Prep5\Prep5.csproj", "{13A38FEC-4918-4668-8450-8EDF85657D92}"
EndProject
Project("{2150E333-8FDC-42A3-9474-1A3956D46DE8}") = "final", "final", "{01AC41C9-07E9-4882-9054-C5EBDB1E5114}"
EndProject
Project("{9A19103F-16F7-4668-BE54-9A1E7A4F7556}") = "FinalProject", "final\FinalProject\FinalProject.csproj", "{8F0554B6-62E3-423A-82C8-5BE9D6656AD6}"
EndProject
Project("{9A19103F-16F7-4668-BE54-9A1E7A4F7556}") = "Foundation1", "final\Foundation1\Foundation1.csproj", "{F7F38250-5D09-44E7-BCBF-51871B965372}"
EndProject
Project("{9A19103F-16F7-4668-BE54-9A1E7A4F7556}") = "Foundation2", "final\Foundation2\Foundation2.csproj", "{922609B6-E647-4803-BF6E-17CF0C79B29D}"
EndProject
Project("{9A19103F-16F7-4668-BE54-9A1E7A4F7556}") = "Foundation3", "final\Foundation3\Foundation3.csproj", "{ACDE6A52-5E95-4072-8DED-F3A36E6848AA}"
EndProject
Project("{9A19103F-16F7-4668-BE54-9A1E7A4F7556}") = "Foundation4", "final\Foundation4\Foundation4.csproj", "{712FC830-EAEA-4645-916F-8EFBCEFBF77C}"
EndProject
Project("{2150E333-8FDC-42A3-9474-1A3956D46DE8}") = "prepare", "prepare", "{E51BE6F2-5551-4C7C-B76E-CDC8797FE947}"
EndProject
Project("{9A19103F-16F7-4668-BE54-9A1E7A4F7556}") = "Learning02", "prepare\Learning02\Learning02.csproj", "{0089077E-0E1D-49C4-A8C6-85C4188A0692}"
EndProject
Project("{9A19103F-16F7-4668-BE54-9A1E7A4F7556}") = "Learning03", "prepare\Learning03\Learning03.csproj", "{AFB5CCBC-8EB3-4C75-A122-01C9EE0E0991}"
EndProject
Project("{9A19103F-16F7-4668-BE54-9A1E7A4F7556}") = "Learning04", "prepare\Learning04\Learning04.csproj", "{F252F266-3165-47AA-8544-3DC73774DFBB}"
EndProject
Project("{9A19103F-16F7-4668-BE54-9A1E7A4F7556}") = "Learning05", "prepare\Learning05\Learning05.csproj", "{28898E3D-E193-4A1F-A7B8-BC090547DBC9}"
EndProject
Project("{2150E333-8FDC-42A3-9474-1A3956D46DE8}") = "prove", "prove", "{A7715A7B-F0C4-442F-BB67-75E3B8692297}"
EndProject
Project("{9A19103F-16F7-4668-BE54-9A1E7A4F7556}") = "Develop02", "prove\Develop02\Develop02.csproj", "{B2E62C93-E14D-4D11-950F-DE2B6991A274}"
EndProject
Project("{9A19103F-16F7-4668-BE54-9A1E7A4F7556}") = "Develop03", "prove\Develop03\Develop03.csproj", "{DF6C31A7-EC14-4152-96C6-6F9070EE0E7A}"
EndProject
Project("{9A19103F-16F7-4668-BE54-9A1E7A4F7556}") = "Develop04", "prove\Develop04\Develop04.csproj", "{33D9378D-1B17-44DC-8E41-68B823A7CC01}"
EndProject
Project("{9A19103F-16F7-4668-BE54-9A1E7A4F7556}") = "Develop05", "prove\Develop05\Develop05.csproj", "{A2DF8353-826C-4CAD-BD61-C5108DAFB049}"
EndProject
Project("{2150E333-8FDC-42A3-9474-1A3956D46DE8}") = "sandbox", "sandbox", "{7D2D22CB-6D3F-443D-A7FA-4DAD05DFBFCC}"
EndProject
Project("{9A19103F-16F7-4668-BE54-9A1E7A4F7556}") = "Sandbox", "sandbox\Sandbox\Sandbox.csproj", "{953F9B87-8D5A-4BB3-9D88-013D93014DA5}"
EndProject
Global
	GlobalSection(SolutionConfigurationPlatforms) = preSolution
		Debug|Any CPU = Debug|Any CPU
		Release|Any CPU = Release|Any CPU
	EndGlobalSection
	GlobalSection(ProjectConfigurationPlatforms) = postSolution
		{7DCD67B6-71F8-4E7B-9D82-4AABEC8B0000}.Debug|Any CPU.ActiveCfg = Debug|Any CPU
		{7DCD67B6-71F8-4E7B-9D82-4AABEC8B0000}.Debug|Any CPU.Build.0 = Debug|Any CPU
		{7DCD67B6-71F8-4E7B-9D82-4AABEC8B0000}.Release|Any CPU.ActiveCfg = Release|Any CPU
		{7DCD67B6-71F8-4E7B-9D82-4AABEC8B0000}.Release|Any CPU.Build.0 = Release|Any CPU
		{716B6AB3-1E28-42AE-B73C-21DB969688BC}.Debug|Any CPU.ActiveCfg = Debug|Any CPU
		{716B6AB3-1E28-42AE-B73C-21DB969688BC}.Debug|Any CPU.Build.0 = Debug|Any CPU
		{716B6AB3-1E28-42AE-B73C-21DB969688BC}.Release|Any CPU.ActiveCfg = Release|Any CPU
		{716B6AB3-1E28-42AE-B73C-21DB969688BC}.Release|Any CPU.Build.0 = Release|Any CPU
		{90EA5535-087A-41F0-A586-F0DEF67C6138}.Debug|Any CPU.ActiveCfg = Debug|Any CPU
		{90EA5535-087A-41F0-A586-F0DEF67C6138}.Debug|Any CPU.Build.0 = Debug|Any CPU
		{90EA5535-087A-41F0-A586-F0DEF67C6138}.Release|Any CPU.ActiveCfg = Release|Any CPU
		{90EA5535-087A-41F0-A586-F0DEF67C6138}.Release|Any CPU.Build.0 = Release|Any CPU
		{91D7A745-052D-434D-9AEB-13940F870655}.Debug|Any CPU.ActiveCfg = Debug|Any CPU
		{91D7A745-052D-434D-9AEB-13940F870655}.Debug|Any CPU.Build.0 = Debug|Any CPU
		{91D7A745-052D-434D-9AEB-13940F870655}.Release|Any CPU.ActiveCfg = Release|Any CPU
		{91D7A745-052D-434D-9AEB-13940F870655}.Release|Any CPU.Build.0 = Release|Any CPU
		{13A38FEC-4918-4668-8450-8EDF85657D92}.Debug|Any CPU.ActiveCfg = Debug|Any CPU
		{13A38FEC-4918-4668-8450-8EDF85657D92}.Debug|Any CPU.Build.0 = Debug|Any CPU
		{13A38FEC-4918-4668-8450-8EDF85657D92}.Release|Any CPU.ActiveCfg = Release|Any CPU
		{13A38FEC-4918-4668-8450-8EDF85657D92}.Release|Any CPU.Build.0 = Release|Any CPU
		{8F0554B6-62E3-423A-82C8-5BE9D6656AD6}.Debug|Any CPU.ActiveCfg = Debug|Any CPU
		{8F0554B6-62E3-423A-82C8-5BE9D6656AD6}.Debug|Any CPU.Build.0 = Debug|Any CPU
		{8F0554B6-62E3-423A-82C8-5BE9D6656AD6}.Release|Any CPU.ActiveCfg = Release|Any CPU
		{8F0554B6-62E3-423A-82C8-5BE9D6656AD6}.Release|Any CPU.Build.0 = Release|Any CPU
		{F7F38250-5D09-44E7-BCBF-51871B965372}.Debug|Any CPU.ActiveCfg = Debug|Any CPU
		{F7F38250-5D09-44E7-BCBF-51871B965372}.Debug|Any CPU.Build.0 = Debug|Any CPU
		{F7F38250-5D09-44E7-BCBF-51871B965372}.Release|Any CPU.ActiveCfg = Release|Any CPU
		{F7F38250-5D09-44E7-BCBF-51871B965372}.Release|Any CPU.Build.0 = Release|Any CPU
		{922609B6-E647-4803-BF6E-17CF0C79B29D}.Debug|Any CPU.ActiveCfg = Debug|Any CPU
		{922609B6-E647-4803-BF6E-17CF0C79B29D}.Debug|Any CPU.Build.0 = Debug|Any CPU
		{922609B6-E647-4803-BF6E-17CF0C79B29D}.Release|Any CPU.ActiveCfg = Release|Any CPU
		{922609B6-E647-4803-BF6E-17CF0C79B29D}.Release|Any CPU.Build.0 = Release|Any CPU
		{ACDE6A52-5E95-4072-8DED-F3A36E6848AA}.Debug|Any CPU.ActiveCfg = Debug|Any CPU
		{ACDE6A52-5E95-4072-8DED-F3A36E6848AA}.Debug|Any CPU.Build.0 = Debug|Any CPU
		{ACDE6A52-5E95-4072-8DED-F3A36E6848AA}.Release|Any CPU.ActiveCfg = Release|Any CPU
		{ACDE6A52-5E95-4072-8DED-F3A36E6848AA}.Release|Any CPU.Build.0 = Release|Any CPU
		{712FC830-EAEA-4645-916F-8EFBCEFBF77C}.Debug|Any CPU.ActiveCfg = Debug|Any CPU
		{712FC830-EAEA-4645-916F-8EFBCEFBF77C}.Debug|Any CPU.Build.0 = Debug|Any CPU
		{712FC830-EAEA-4645-916F-8EFBCEFBF77C}.Release|Any CPU.ActiveCfg = Release|Any CPU
		{712FC830-EAEA-4645-916F-8EFBCEFBF77C}.Release|Any CPU.Build.0 = Release|Any CPU
		{0089077E-0E1D-49C4-A8C6-85C4188A0692}.Debug|Any CPU.ActiveCfg = Debug|Any CPU
		{0089077E-0E1D-49C4-A8C6-85C4188A0692}.Debug|Any CPU.Build.0 = Debug|Any CPU
		{0089077E-0E1D-49C4-A8C6-85C4188A0692}.Release|Any CPU.ActiveCfg = Release|Any CPU
		{0089077E-0E1D-49C4-A8C6-85C4188A0692}.Release|Any CPU.Build.0 = Release|Any CPU
		{AFB5CCBC-8EB3-4C75-A122-01C9EE0E0991}.Debug|Any CPU.ActiveCfg = Debug|Any CPU
		{AFB5CCBC-8EB3-4C75-A122-01C9EE0E0991}.Debug|Any CPU.Build.0 = Debug|Any CPU
		{AFB5CCBC-8EB3-4C75-A122-01C9EE0E0991}.Release|Any CPU.ActiveCfg = Release|Any CPU
		{AFB5CCBC-8EB3-4C75-A122-01C9EE0E0991}.Release|Any CPU.Build.0 = Release|Any CPU
		{F252F266-3165-47AA-8544-3DC73774DFBB}.Debug|Any CPU.ActiveCfg = Debug|Any CPU
		{F252F266-3165-47AA-8544-3DC73774DFBB}.Debug|Any CPU.Build.0 = Debug|Any CPU
		{F252F266-3165-47AA-8544-3DC73774DFBB}.Release|Any CPU.ActiveCfg = Release|Any CPU
		{F252F266-3165-47AA-8544-3DC73774DFBB}.Release|Any CPU.Build.0 = Release|Any CPU
		{28898E3D-E193-4A1F-A7B8-BC090547DBC9}.Debug|Any CPU.ActiveCfg = Debug|Any CPU
		{28898E3D-E193-4A1F-A7B8-BC090547DBC9}.Debug|Any CPU.Build.0 = Debug|Any CPU
		{28898E3D-E193-4A1F-A7B8-BC090547DBC9}.Release|Any CPU.ActiveCfg = Release|Any CPU
		{28898E3D-E193-4A1F-A7B8-BC090547DBC9}.Release|Any CPU.Build.0 = Release|Any CPU
		{B2E62C93-E14D-4D11-950F-DE2B6991A274}.Debug|Any CPU.ActiveCfg = Debug|Any CPU
		{B2E62C93-E14D-4D11-950F-DE2B6991A274}.Debug|Any CPU.Build.0 = Debug|Any CPU
		{B2E62C93-E14D-4D11-950F-DE2B6991A274}.Release|Any CPU.ActiveCfg = Release|Any CPU
		{B2E62C93-E14D-4D11-950F-DE2B6991A274}.Release|Any CPU.Build.0 = Release|Any CPU
		{DF6C31A7-EC14-4152-96C6-6F9070EE0E7A}.Debug|Any CPU.ActiveCfg = Debug|Any CPU
		{DF6C31A7-EC14-4152-96C6-6F9070EE0E7A}.Debug|Any CPU.Build.0 = Debug|Any CPU
		{DF6C31A7-EC14-4152-96C6-6F9070EE0E7A}.Release|Any CPU.ActiveCfg = Release|Any CPU
		{DF6C31A7-EC14-4152-96C6-6F9070EE0E7A}.Release|Any CPU.Build.0 = Release|Any CPU
		{33D9378D-1B17-44DC-8E41-68B823A7CC01}.Debug|Any CPU.ActiveCfg = Debug|Any CPU
		{33D9378D-1B17-44DC-8E41-68B823A7CC01}.Debug|Any CPU.Build.0 = Debug|Any CPU
		{33D9378D-1B17-44DC-8E41-68B823A7CC01}.Release|Any CPU.ActiveCfg = Release|Any CPU
		{33D9378D-1B17-44DC-8E41-68B823A7CC01}.Release|Any CPU.Build.0 = Release|Any CPU
		{A2DF8353-826C-4CAD-BD61-C5108DAFB049}.Debug|Any CPU.ActiveCfg = Debug|Any CPU
		{A2DF8353-826C-4CAD-BD61-C5108DAFB049}.Debug|Any CPU.Build.0 = Debug|Any CPU
		{A2DF8353-826C-4CAD-BD61-C5108DAFB049}.Release|Any CPU.ActiveCfg = Release|Any CPU
		{A2DF8353-826C-4CAD-BD61-C5108DAFB049}.Release|Any CPU.Build.0 = Release|Any CPU
		{953F9B87-8D5A-4BB3-9D88-013D93014DA5}.Debug|Any CPU.ActiveCfg = Debug|Any CPU
		{953F9B87-8D5A-4BB3-9D88-013D93014DA5}.Debug|Any CPU.Build.0 = Debug|Any CPU
		{953F9B87-8D5A-4BB3-9D88-013D93014DA5}.Release|Any CPU.ActiveCfg = Release|Any CPU
		{953F9B87-8D5A-4BB3-9D88-013D93014DA5}.Release|Any CPU.Build.0 = Release|Any CPU
	EndGlobalSection
	GlobalSection(SolutionProperties) = preSolution
		HideSolutionNode = FALSE
	EndGlobalSection
	GlobalSection(NestedProjects) = preSolution
		{7DCD67B6-71F8-4E7B-9D82-4AABEC8B0000} = {2779B530-8BBB-4A75-ABC2-F58113F9965C}
		{716B6AB3-1E28-42AE-B73C-21DB969688BC} = {2779B530-8BBB-4A75-ABC2-F58113F9965C}
		{90EA5535-087A-41F0-A586-F0DEF67C6138} = {2779B530-8BBB-4A75-ABC2-F58113F9965C}
		{91D7A745-052D-434D-9AEB-13940F870655} = {2779B530-8BBB-4A75-ABC2-F58113F9965C}
		{13A38FEC-4918-4668-8450-8EDF85657D92} = {2779B530-8BBB-4A75-ABC2-F58113F9965C}
		{8F0554B6-62E3-423A-82C8-5BE9D6656AD6} = {01AC41C9-07E9-4882-9054-C5EBDB1E5114}
		{F7F38250-5D09-44E7-BCBF-51871B965372} = {01AC41C9-07E9-4882-9054-C5EBDB1E5114}
		{922609B6-E647-4803-BF6E-17CF0C79B29D} = {01AC41C9-07E9-4882-9054-C5EBDB1E5114}
		{ACDE6A52-5E95-4072-8DED-F3A36E6848AA} = {01AC41C9-07E9-4882-9054-C5EBDB1E5114}
		{712FC830-EAEA-4645-916F-8EFBCEFBF77C} = {01AC41C9-07E9-4882-9054-C5EBDB1E5114}
		{0089077E-0E1D-49C4-A8C6-85C4188A0692} = {E51BE6F2-5551-4C7C-B76E-CDC8797FE947}
		{AFB5CCBC-8EB3-4C75-A122-01C9EE0E0991} = {E51BE6F2-5551-4C7C-B76E-CDC8797FE947}
		{F252F266-3165-47AA-8544-3DC73774DFBB} = {E51BE6F2-5551-4C7C-B76E-CDC8797FE947}
		{28898E3D-E193-4A1F-A7B8-BC090547DBC9} = {E51BE6F2-5551-4C7C-B76E-CDC8797FE947}
		{B2E62C93-E14D-4D11-950F-DE2B6991A274} = {A7715A7B-F0C4-442F-BB67-75E3B8692297}
		{DF6C31A7-EC14-4152-96C6-6F9070EE0E7A} = {A7715A7B-F0C4-442F-BB67-75E3B8692297}
		{33D9378D-1B17-44DC-8E41-68B823A7CC01} = {A7715A7B-F0C4-442F-BB67-75E3B8692297}
		{A2DF8353-826C-4CAD-BD61-C5108DAFB049} = {A7715A7B-F0C4-442F-BB67-75E3B8692297}
		{953F9B87-8D5A-4BB3-9D88-013D93014DA5} = {7D2D22CB-6D3F-443D-A7FA-4DAD05DFBFCC}
	EndGlobalSection
	GlobalSection(ExtensibilityGlobals) = postSolution
		SolutionGuid = {30AA89DE-CA74-4E9F-90A0-A3D4EF8E3A6D}
	EndGlobalSection
EndGlobal
